{
  "name": "create-request-lambda",
  "version": "1.0.0",
  "lockfileVersion": 1,
  "requires": true,
  "dependencies": {
    "axios": {
      "version": "0.19.2",
      "resolved": "https://registry.npmjs.org/axios/-/axios-0.19.2.tgz",
      "integrity": "sha512-fjgm5MvRHLhx+osE2xoekY70AhARk3a6hkN+3Io1jc00jtquGvxYlKlsFUhmUET0V5te6CcZI7lcv2Ym61mjHA==",
      "requires": {
        "follow-redirects": "1.5.10"
      }
    },
    "debug": {
      "version": "3.1.0",
      "resolved": "https://registry.npmjs.org/debug/-/debug-3.1.0.tgz",
      "integrity": "sha512-OX8XqP7/1a9cqkxYw2yXss15f26NKWBpDXQd0/uK/KPqdQhxbPa994hnzjcE2VqQpDslf55723cKPUOGSmMY3g==",
      "requires": {
        "ms": "2.0.0"
      }
    },
    "ent": {
      "version": "2.2.0",
      "resolved": "https://registry.npmjs.org/ent/-/ent-2.2.0.tgz",
      "integrity": "sha1-6WQhkyWiHQX0RGai9obtbOX13R0="
    },
    "follow-redirects": {
      "version": "1.5.10",
      "resolved": "https://registry.npmjs.org/follow-redirects/-/follow-redirects-1.5.10.tgz",
      "integrity": "sha512-0V5l4Cizzvqt5D44aTXbFZz+FtyXV1vrDN6qrelxtfYQKW0KO0W2T/hkE8xvGa/540LkZlkaUjO4ailYTFtHVQ==",
      "requires": {
        "debug": "=3.1.0"
      }
    },
    "lodash.clonedeep": {
      "version": "4.5.0",
      "resolved": "https://registry.npmjs.org/lodash.clonedeep/-/lodash.clonedeep-4.5.0.tgz",
      "integrity": "sha1-4j8/nE+Pvd6HJSnBBxhXoIblzO8="
    },
    "lodash.isplainobject": {
      "version": "4.0.6",
      "resolved": "https://registry.npmjs.org/lodash.isplainobject/-/lodash.isplainobject-4.0.6.tgz",
      "integrity": "sha1-fFJqUtibRcRcxpC4gWO+BJf1UMs="
    },
    "lodash.trim": {
      "version": "4.5.1",
      "resolved": "https://registry.npmjs.org/lodash.trim/-/lodash.trim-4.5.1.tgz",
      "integrity": "sha1-NkJefukL5KpeJ7zruFt9EepHqlc="
    },
    "lodash.without": {
      "version": "4.4.0",
      "resolved": "https://registry.npmjs.org/lodash.without/-/lodash.without-4.4.0.tgz",
      "integrity": "sha1-PNRXSgC2e643OpS3SHcmQFB7eqw="
    },
    "ms": {
      "version": "2.0.0",
      "resolved": "https://registry.npmjs.org/ms/-/ms-2.0.0.tgz",
      "integrity": "sha1-VgiurfwAvmwpAd9fmGF4jeDVl8g="
    },
    "ranges-apply": {
      "version": "3.1.10",
      "resolved": "https://registry.npmjs.org/ranges-apply/-/ranges-apply-3.1.10.tgz",
      "integrity": "sha512-NghBn6pIJG9hUXSmuTrRA8De4A1f1w5xhUznUOkvXNWibM94H3iZt8/C0TUTwjfGKfGpccrPE6pHgUBRArm9bQ==",
      "requires": {
        "ranges-merge": "^4.3.8"
      }
    },
    "ranges-merge": {
      "version": "4.3.8",
      "resolved": "https://registry.npmjs.org/ranges-merge/-/ranges-merge-4.3.8.tgz",
      "integrity": "sha512-6YjdL2lvv6mO2tjDTCoDbCowHawzGLEYXaMwDrs3bV2CWtXcTIVuDTtcYZO3EHR4AmUgN6wXuQsjOtV+PsOWQQ==",
      "requires": {
        "ranges-sort": "^3.12.0"
      }
    },
    "ranges-push": {
      "version": "3.7.14",
      "resolved": "https://registry.npmjs.org/ranges-push/-/ranges-push-3.7.14.tgz",
      "integrity": "sha512-vkzQVK/R3NFTJjzwz8yY0yvUcMgPu+NQyFOsCs7zkxxnvRLuumGugjWMmj+6i9BUkMPNHnw2UAFjOebjNfO7Rw==",
      "requires": {
        "ranges-merge": "^4.3.8",
        "string-collapse-leading-whitespace": "^2.0.20",
        "string-trim-spaces-only": "^2.8.17"
      }
    },
    "ranges-sort": {
      "version": "3.12.0",
      "resolved": "https://registry.npmjs.org/ranges-sort/-/ranges-sort-3.12.0.tgz",
      "integrity": "sha512-YCFqRd1Bxh5vKyItPtQDXMsbPSsDD33/pI9O7z2Dy2nyOyfGxT969KxMuVvr6/iDWB3hPOd8fhUE85Aw6dX7Cg=="
    },
    "string-collapse-leading-whitespace": {
      "version": "2.0.20",
      "resolved": "https://registry.npmjs.org/string-collapse-leading-whitespace/-/string-collapse-leading-whitespace-2.0.20.tgz",
      "integrity": "sha512-NsDj7efJ4QC0l9SjZYzC1HdS9UEyaMdM5NUjNlFwxxoi3T6Ns05RqZRUlFQ5bKDRQW6F8Ws9ZkuWLL03q5OLgg=="
    },
    "string-left-right": {
      "version": "2.3.24",
      "resolved": "https://registry.npmjs.org/string-left-right/-/string-left-right-2.3.24.tgz",
      "integrity": "sha512-aJLgeCb5ourwPp5q7N40C8C+WqOHpGY/1iiAYRKJRUylHu95aWRBM0aZZackaLqJhvj1hhHXk16If4WxE+zveA==",
      "requires": {
        "lodash.clonedeep": "^4.5.0",
        "lodash.isplainobject": "^4.0.6"
      }
    },
    "string-strip-html": {
      "version": "4.5.0",
      "resolved": "https://registry.npmjs.org/string-strip-html/-/string-strip-html-4.5.0.tgz",
      "integrity": "sha512-0jwKk4p8IjK6vpL6cPIpiKsYRLai57SnQSpr0rvlOtDOURyu1Xf7mgzualQkj1+6h+46xzXMDhz3mcn7E114lA==",
      "requires": {
        "ent": "^2.2.0",
        "lodash.isplainobject": "^4.0.6",
        "lodash.trim": "^4.5.1",
        "lodash.without": "^4.4.0",
        "ranges-apply": "^3.1.10",
        "ranges-push": "^3.7.14",
        "string-left-right": "^2.3.24"
      }
    },
    "string-trim-spaces-only": {
      "version": "2.8.17",
      "resolved": "https://registry.npmjs.org/string-trim-spaces-only/-/string-trim-spaces-only-2.8.17.tgz",
      "integrity": "sha512-IAjwhcVS2AMD93GPGl8ONQmtDqcdmsvgHekVafQ/p389CGlp8VkCpOdUGsRW1OunzaVyzZzFesoKCju8fbA8Lw=="
    },
    "time-stamp": {
      "version": "2.2.0",
      "resolved": "https://registry.npmjs.org/time-stamp/-/time-stamp-2.2.0.tgz",
      "integrity": "sha512-zxke8goJQpBeEgD82CXABeMh0LSJcj7CXEd0OHOg45HgcofF7pxNwZm9+RknpxpDhwN4gFpySkApKfFYfRQnUA=="
    },
    "uuid": {
      "version": "8.2.0",
      "resolved": "https://registry.npmjs.org/uuid/-/uuid-8.2.0.tgz",
      "integrity": "sha512-CYpGiFTUrmI6OBMkAdjSDM0k5h8SkkiTP4WAjQgDgNB1S3Ou9VBEvr6q0Kv2H1mMk7IWfxYGpMH5sd5AvcIV2Q=="
    }
  }
}
